<?xml version="1.0" encoding="utf-8"?>
<Project ToolsVersion="4.0" xmlns="http://schemas.microsoft.com/developer/msbuild/2003">
  <ItemGroup>
    <ClCompile Include="Kyomuri.cpp" />
    <ClCompile Include="$(WEBOTS_HOME)\src\controller\cpp\Accelerometer.cpp">
      <Filter>lib\default</Filter>
    </ClCompile>
    <ClCompile Include="$(WEBOTS_HOME)\src\controller\cpp\Altimeter.cpp">
      <Filter>lib\default</Filter>
    </ClCompile>
    <ClCompile Include="$(WEBOTS_HOME)\src\controller\cpp\Brake.cpp">
      <Filter>lib\default</Filter>
    </ClCompile>
    <ClCompile Include="$(WEBOTS_HOME)\src\controller\cpp\Camera.cpp">
      <Filter>lib\default</Filter>
    </ClCompile>
    <ClCompile Include="$(WEBOTS_HOME)\src\controller\cpp\Compass.cpp">
      <Filter>lib\default</Filter>
    </ClCompile>
    <ClCompile Include="$(WEBOTS_HOME)\src\controller\cpp\Connector.cpp">
      <Filter>lib\default</Filter>
    </ClCompile>
    <ClCompile Include="$(WEBOTS_HOME)\src\controller\cpp\Device.cpp">
      <Filter>lib\default</Filter>
    </ClCompile>
    <ClCompile Include="$(WEBOTS_HOME)\src\controller\cpp\Display.cpp">
      <Filter>lib\default</Filter>
    </ClCompile>
    <ClCompile Include="$(WEBOTS_HOME)\src\controller\cpp\DistanceSensor.cpp">
      <Filter>lib\default</Filter>
    </ClCompile>
    <ClCompile Include="$(WEBOTS_HOME)\src\controller\cpp\Emitter.cpp">
      <Filter>lib\default</Filter>
    </ClCompile>
    <ClCompile Include="$(WEBOTS_HOME)\src\controller\cpp\Field.cpp">
      <Filter>lib\default</Filter>
    </ClCompile>
    <ClCompile Include="$(WEBOTS_HOME)\src\controller\cpp\GPS.cpp">
      <Filter>lib\default</Filter>
    </ClCompile>
    <ClCompile Include="$(WEBOTS_HOME)\src\controller\cpp\Gyro.cpp">
      <Filter>lib\default</Filter>
    </ClCompile>
    <ClCompile Include="$(WEBOTS_HOME)\src\controller\cpp\InertialUnit.cpp">
      <Filter>lib\default</Filter>
    </ClCompile>
    <ClCompile Include="$(WEBOTS_HOME)\src\controller\cpp\Joystick.cpp">
      <Filter>lib\default</Filter>
    </ClCompile>
    <ClCompile Include="$(WEBOTS_HOME)\src\controller\cpp\Keyboard.cpp">
      <Filter>lib\default</Filter>
    </ClCompile>
    <ClCompile Include="$(WEBOTS_HOME)\src\controller\cpp\LED.cpp">
      <Filter>lib\default</Filter>
    </ClCompile>
    <ClCompile Include="$(WEBOTS_HOME)\src\controller\cpp\Lidar.cpp">
      <Filter>lib\default</Filter>
    </ClCompile>
    <ClCompile Include="$(WEBOTS_HOME)\src\controller\cpp\LightSensor.cpp">
      <Filter>lib\default</Filter>
    </ClCompile>
    <ClCompile Include="$(WEBOTS_HOME)\src\controller\cpp\Motion.cpp">
      <Filter>lib\default</Filter>
    </ClCompile>
    <ClCompile Include="$(WEBOTS_HOME)\src\controller\cpp\Motor.cpp">
      <Filter>lib\default</Filter>
    </ClCompile>
    <ClCompile Include="$(WEBOTS_HOME)\src\controller\cpp\Mouse.cpp">
      <Filter>lib\default</Filter>
    </ClCompile>
    <ClCompile Include="$(WEBOTS_HOME)\src\controller\cpp\Node.cpp">
      <Filter>lib\default</Filter>
    </ClCompile>
    <ClCompile Include="$(WEBOTS_HOME)\src\controller\cpp\Pen.cpp">
      <Filter>lib\default</Filter>
    </ClCompile>
    <ClCompile Include="$(WEBOTS_HOME)\src\controller\cpp\PositionSensor.cpp">
      <Filter>lib\default</Filter>
    </ClCompile>
    <ClCompile Include="$(WEBOTS_HOME)\src\controller\cpp\Radar.cpp">
      <Filter>lib\default</Filter>
    </ClCompile>
    <ClCompile Include="$(WEBOTS_HOME)\src\controller\cpp\RangeFinder.cpp">
      <Filter>lib\default</Filter>
    </ClCompile>
    <ClCompile Include="$(WEBOTS_HOME)\src\controller\cpp\Receiver.cpp">
      <Filter>lib\default</Filter>
    </ClCompile>
    <ClCompile Include="$(WEBOTS_HOME)\src\controller\cpp\Robot.cpp">
      <Filter>lib\default</Filter>
    </ClCompile>
    <ClCompile Include="$(WEBOTS_HOME)\src\controller\cpp\Skin.cpp">
      <Filter>lib\default</Filter>
    </ClCompile>
    <ClCompile Include="$(WEBOTS_HOME)\src\controller\cpp\Speaker.cpp">
      <Filter>lib\default</Filter>
    </ClCompile>
    <ClCompile Include="$(WEBOTS_HOME)\src\controller\cpp\Supervisor.cpp">
      <Filter>lib\default</Filter>
    </ClCompile>
    <ClCompile Include="$(WEBOTS_HOME)\src\controller\cpp\TouchSensor.cpp">
      <Filter>lib\default</Filter>
    </ClCompile>
    <ClCompile Include="lib\ColorSensor\ColorSensor.cpp">
      <Filter>lib\ColorSensor</Filter>
    </ClCompile>
    <ClCompile Include="lib\IMU\IMU.cpp">
      <Filter>lib\IMU</Filter>
    </ClCompile>
    <ClCompile Include="lib\GlobalPositioningSystem\GlobalPositioningSystem.cpp">
      <Filter>lib\GPS</Filter>
    </ClCompile>
    <ClCompile Include="lib\ToF\ToF.cpp">
      <Filter>lib\ToF</Filter>
    </ClCompile>
    <ClCompile Include="lib\Tank\Tank.cpp">
      <Filter>lib\Tank</Filter>
    </ClCompile>
  </ItemGroup>
  <ItemGroup>
    <Filter Include="lib">
      <UniqueIdentifier>{f6f3a280-a204-4eaf-bd11-713dcb6d8c78}</UniqueIdentifier>
    </Filter>
    <Filter Include="lib\default">
      <UniqueIdentifier>{dfadc680-f1a2-48ec-8460-6307191ca2a9}</UniqueIdentifier>
    </Filter>
    <Filter Include="lib\ColorSensor">
      <UniqueIdentifier>{316d3a26-b4f6-4026-b8dc-5d3a07dd9d30}</UniqueIdentifier>
    </Filter>
    <Filter Include="lib\IMU">
      <UniqueIdentifier>{c7429dd7-95e5-432f-b89b-bb02d82fdc17}</UniqueIdentifier>
    </Filter>
    <Filter Include="lib\GPS">
      <UniqueIdentifier>{ae7ccf37-5dd4-40b8-90aa-bfcea3538379}</UniqueIdentifier>
    </Filter>
    <Filter Include="lib\ToF">
      <UniqueIdentifier>{3b8d7e79-fcb7-44e3-acd9-f8e78092bbcd}</UniqueIdentifier>
    </Filter>
    <Filter Include="lib\Tank">
      <UniqueIdentifier>{75d83116-cd3d-411e-982a-aefb284ac225}</UniqueIdentifier>
    </Filter>
  </ItemGroup>
  <ItemGroup>
    <ClInclude Include="lib\devices.h">
      <Filter>lib</Filter>
    </ClInclude>
    <ClInclude Include="lib\ColorSensor\ColorSensor.h">
      <Filter>lib\ColorSensor</Filter>
    </ClInclude>
    <ClInclude Include="lib\IMU\IMU.h">
      <Filter>lib\IMU</Filter>
    </ClInclude>
    <ClInclude Include="lib\GlobalPositioningSystem\GlobalPositioningSystem.h">
      <Filter>lib\GPS</Filter>
    </ClInclude>
    <ClInclude Include="lib\ToF\ToF.h">
      <Filter>lib\ToF</Filter>
    </ClInclude>
    <ClInclude Include="lib\Tank\Tank.h">
      <Filter>lib\Tank</Filter>
    </ClInclude>
  </ItemGroup>
</Project>