<?xml version="1.0" encoding="utf-8"?>
<Project ToolsVersion="4.0" xmlns="http://schemas.microsoft.com/developer/msbuild/2003">
  <ItemGroup>
    <ClCompile Include="$(WEBOTS_HOME)\src\controller\cpp\Accelerometer.cpp">
      <Filter>default</Filter>
    </ClCompile>
    <ClCompile Include="$(WEBOTS_HOME)\src\controller\cpp\Altimeter.cpp">
      <Filter>default</Filter>
    </ClCompile>
    <ClCompile Include="$(WEBOTS_HOME)\src\controller\cpp\Brake.cpp">
      <Filter>default</Filter>
    </ClCompile>
    <ClCompile Include="$(WEBOTS_HOME)\src\controller\cpp\Camera.cpp">
      <Filter>default</Filter>
    </ClCompile>
    <ClCompile Include="$(WEBOTS_HOME)\src\controller\cpp\Compass.cpp">
      <Filter>default</Filter>
    </ClCompile>
    <ClCompile Include="$(WEBOTS_HOME)\src\controller\cpp\Connector.cpp">
      <Filter>default</Filter>
    </ClCompile>
    <ClCompile Include="$(WEBOTS_HOME)\src\controller\cpp\Device.cpp">
      <Filter>default</Filter>
    </ClCompile>
    <ClCompile Include="$(WEBOTS_HOME)\src\controller\cpp\Display.cpp">
      <Filter>default</Filter>
    </ClCompile>
    <ClCompile Include="$(WEBOTS_HOME)\src\controller\cpp\DistanceSensor.cpp">
      <Filter>default</Filter>
    </ClCompile>
    <ClCompile Include="$(WEBOTS_HOME)\src\controller\cpp\Emitter.cpp">
      <Filter>default</Filter>
    </ClCompile>
    <ClCompile Include="$(WEBOTS_HOME)\src\controller\cpp\Field.cpp">
      <Filter>default</Filter>
    </ClCompile>
    <ClCompile Include="$(WEBOTS_HOME)\src\controller\cpp\GPS.cpp">
      <Filter>default</Filter>
    </ClCompile>
    <ClCompile Include="$(WEBOTS_HOME)\src\controller\cpp\Gyro.cpp">
      <Filter>default</Filter>
    </ClCompile>
    <ClCompile Include="$(WEBOTS_HOME)\src\controller\cpp\InertialUnit.cpp">
      <Filter>default</Filter>
    </ClCompile>
    <ClCompile Include="$(WEBOTS_HOME)\src\controller\cpp\Joystick.cpp">
      <Filter>default</Filter>
    </ClCompile>
    <ClCompile Include="$(WEBOTS_HOME)\src\controller\cpp\Keyboard.cpp">
      <Filter>default</Filter>
    </ClCompile>
    <ClCompile Include="$(WEBOTS_HOME)\src\controller\cpp\LED.cpp">
      <Filter>default</Filter>
    </ClCompile>
    <ClCompile Include="$(WEBOTS_HOME)\src\controller\cpp\Lidar.cpp">
      <Filter>default</Filter>
    </ClCompile>
    <ClCompile Include="$(WEBOTS_HOME)\src\controller\cpp\LightSensor.cpp">
      <Filter>default</Filter>
    </ClCompile>
    <ClCompile Include="$(WEBOTS_HOME)\src\controller\cpp\Motion.cpp">
      <Filter>default</Filter>
    </ClCompile>
    <ClCompile Include="$(WEBOTS_HOME)\src\controller\cpp\Motor.cpp">
      <Filter>default</Filter>
    </ClCompile>
    <ClCompile Include="$(WEBOTS_HOME)\src\controller\cpp\Mouse.cpp">
      <Filter>default</Filter>
    </ClCompile>
    <ClCompile Include="$(WEBOTS_HOME)\src\controller\cpp\Node.cpp">
      <Filter>default</Filter>
    </ClCompile>
    <ClCompile Include="$(WEBOTS_HOME)\src\controller\cpp\Pen.cpp">
      <Filter>default</Filter>
    </ClCompile>
    <ClCompile Include="$(WEBOTS_HOME)\src\controller\cpp\PositionSensor.cpp">
      <Filter>default</Filter>
    </ClCompile>
    <ClCompile Include="$(WEBOTS_HOME)\src\controller\cpp\Radar.cpp">
      <Filter>default</Filter>
    </ClCompile>
    <ClCompile Include="$(WEBOTS_HOME)\src\controller\cpp\RangeFinder.cpp">
      <Filter>default</Filter>
    </ClCompile>
    <ClCompile Include="$(WEBOTS_HOME)\src\controller\cpp\Receiver.cpp">
      <Filter>default</Filter>
    </ClCompile>
    <ClCompile Include="$(WEBOTS_HOME)\src\controller\cpp\Robot.cpp">
      <Filter>default</Filter>
    </ClCompile>
    <ClCompile Include="$(WEBOTS_HOME)\src\controller\cpp\Skin.cpp">
      <Filter>default</Filter>
    </ClCompile>
    <ClCompile Include="$(WEBOTS_HOME)\src\controller\cpp\Speaker.cpp">
      <Filter>default</Filter>
    </ClCompile>
    <ClCompile Include="$(WEBOTS_HOME)\src\controller\cpp\Supervisor.cpp">
      <Filter>default</Filter>
    </ClCompile>
    <ClCompile Include="$(WEBOTS_HOME)\src\controller\cpp\TouchSensor.cpp">
      <Filter>default</Filter>
    </ClCompile>
    <ClCompile Include="src\kyomuri.cpp">
      <Filter>src</Filter>
    </ClCompile>
    <ClCompile Include="lib\ColorSensor\ColorSensor.cpp">
      <Filter>lib\ColorSensor</Filter>
    </ClCompile>
    <ClCompile Include="lib\IMU\IMU.cpp">
      <Filter>lib\IMU</Filter>
    </ClCompile>
    <ClCompile Include="lib\ToF\ToF.cpp">
      <Filter>lib\ToF</Filter>
    </ClCompile>
    <ClCompile Include="lib\Tank\Tank.cpp">
      <Filter>lib\Tank</Filter>
    </ClCompile>
    <ClCompile Include="lib\GlobalPositioningSystem\GlobalPositioningSystem.cpp">
      <Filter>lib\GlobalPositioningSystem</Filter>
    </ClCompile>
  </ItemGroup>
  <ItemGroup>
    <Filter Include="default">
      <UniqueIdentifier>{6f503358-dc5b-4072-b107-24df5ba2b3b6}</UniqueIdentifier>
    </Filter>
    <Filter Include="lib">
      <UniqueIdentifier>{a0bb6c6b-4d52-424b-b283-c2e64a6eb3a8}</UniqueIdentifier>
    </Filter>
    <Filter Include="src">
      <UniqueIdentifier>{ec5623e7-3894-44ac-a352-71b21c842788}</UniqueIdentifier>
    </Filter>
    <Filter Include="lib\ColorSensor">
      <UniqueIdentifier>{67031d20-4f43-48aa-9d0d-0a8ca3c55c88}</UniqueIdentifier>
    </Filter>
    <Filter Include="lib\IMU">
      <UniqueIdentifier>{612c68f7-7828-4e06-98f2-63767d2fdf22}</UniqueIdentifier>
    </Filter>
    <Filter Include="lib\ToF">
      <UniqueIdentifier>{16130f83-11a8-483c-8323-73a9821339db}</UniqueIdentifier>
    </Filter>
    <Filter Include="lib\Tank">
      <UniqueIdentifier>{5b59789f-60d5-4f9d-928b-53aeee8d5fc5}</UniqueIdentifier>
    </Filter>
    <Filter Include="lib\GlobalPositioningSystem">
      <UniqueIdentifier>{42b8fd6b-4d29-40e8-817f-f794c364084e}</UniqueIdentifier>
    </Filter>
  </ItemGroup>
  <ItemGroup>
    <ClInclude Include="lib\ColorSensor\ColorSensor.h">
      <Filter>lib\ColorSensor</Filter>
    </ClInclude>
    <ClInclude Include="lib\devices.h">
      <Filter>lib</Filter>
    </ClInclude>
    <ClInclude Include="lib\IMU\IMU.h">
      <Filter>lib\IMU</Filter>
    </ClInclude>
    <ClInclude Include="lib\ToF\ToF.h">
      <Filter>lib\ToF</Filter>
    </ClInclude>
    <ClInclude Include="lib\Tank\Tank.h">
      <Filter>lib\Tank</Filter>
    </ClInclude>
    <ClInclude Include="lib\GlobalPositioningSystem\GlobalPositioningSystem.h">
      <Filter>lib\GlobalPositioningSystem</Filter>
    </ClInclude>
  </ItemGroup>
</Project>